
Microsoft Visual Studio Solution File, Format Version 12.00
# Visual Studio Version 17
VisualStudioVersion = 17.11.35222.181
MinimumVisualStudioVersion = 10.0.40219.1
Project("{8BC9CEB8-8B4A-11D0-8D11-00A0C91BC942}") = "TaxLib", "TaxLib\TaxLib.vcxproj", "{CC1B4C69-CBCC-4E4E-905C-3842F695ED26}"
EndProject
Project("{8BC9CEB8-8B4A-11D0-8D11-00A0C91BC942}") = "TEST", "TEST\TEST.vcxproj", "{19EAF764-D64D-45F5-BC41-0906CCE1B102}"
EndProject
Global
	GlobalSection(SolutionConfigurationPlatforms) = preSolution
		Debug|x64 = Debug|x64
		Debug|x86 = Debug|x86
		Release|x64 = Release|x64
		Release|x86 = Release|x86
	EndGlobalSection
	GlobalSection(ProjectConfigurationPlatforms) = postSolution
		{CC1B4C69-CBCC-4E4E-905C-3842F695ED26}.Debug|x64.ActiveCfg = Debug|x64
		{CC1B4C69-CBCC-4E4E-905C-3842F695ED26}.Debug|x64.Build.0 = Debug|x64
		{CC1B4C69-CBCC-4E4E-905C-3842F695ED26}.Debug|x86.ActiveCfg = Debug|Win32
		{CC1B4C69-CBCC-4E4E-905C-3842F695ED26}.Debug|x86.Build.0 = Debug|Win32
		{CC1B4C69-CBCC-4E4E-905C-3842F695ED26}.Release|x64.ActiveCfg = Release|x64
		{CC1B4C69-CBCC-4E4E-905C-3842F695ED26}.Release|x64.Build.0 = Release|x64
		{CC1B4C69-CBCC-4E4E-905C-3842F695ED26}.Release|x86.ActiveCfg = Release|Win32
		{CC1B4C69-CBCC-4E4E-905C-3842F695ED26}.Release|x86.Build.0 = Release|Win32
		{19EAF764-D64D-45F5-BC41-0906CCE1B102}.Debug|x64.ActiveCfg = Debug|x64
		{19EAF764-D64D-45F5-BC41-0906CCE1B102}.Debug|x64.Build.0 = Debug|x64
		{19EAF764-D64D-45F5-BC41-0906CCE1B102}.Debug|x86.ActiveCfg = Debug|Win32
		{19EAF764-D64D-45F5-BC41-0906CCE1B102}.Debug|x86.Build.0 = Debug|Win32
		{19EAF764-D64D-45F5-BC41-0906CCE1B102}.Release|x64.ActiveCfg = Release|x64
		{19EAF764-D64D-45F5-BC41-0906CCE1B102}.Release|x64.Build.0 = Release|x64
		{19EAF764-D64D-45F5-BC41-0906CCE1B102}.Release|x86.ActiveCfg = Release|Win32
		{19EAF764-D64D-45F5-BC41-0906CCE1B102}.Release|x86.Build.0 = Release|Win32
	EndGlobalSection
	GlobalSection(SolutionProperties) = preSolution
		HideSolutionNode = FALSE
	EndGlobalSection
	GlobalSection(ExtensibilityGlobals) = postSolution
		SolutionGuid = {99312DA3-EE08-4DBB-B414-7A7133DF9C64}
	EndGlobalSection
EndGlobal
